
Microsoft Visual Studio Solution File, Format Version 12.00
# Visual Studio Version 17
VisualStudioVersion = 17.14.36301.6 d17.14
MinimumVisualStudioVersion = 10.0.40219.1
Project("{FAE04EC0-301F-11D3-BF4B-00C04F79EFBC}") = "ICS4U Topic 5", "ICS4U Topic 5\ICS4U Topic 5.csproj", "{028BD491-6002-4F84-9F3A-6534CF4ADB45}"
EndProject
Global
	GlobalSection(SolutionConfigurationPlatforms) = preSolution
		Debug|Any CPU = Debug|Any CPU
		Release|Any CPU = Release|Any CPU
	EndGlobalSection
	GlobalSection(ProjectConfigurationPlatforms) = postSolution
		{028BD491-6002-4F84-9F3A-6534CF4ADB45}.Debug|Any CPU.ActiveCfg = Debug|Any CPU
		{028BD491-6002-4F84-9F3A-6534CF4ADB45}.Debug|Any CPU.Build.0 = Debug|Any CPU
		{028BD491-6002-4F84-9F3A-6534CF4ADB45}.Release|Any CPU.ActiveCfg = Release|Any CPU
		{028BD491-6002-4F84-9F3A-6534CF4ADB45}.Release|Any CPU.Build.0 = Release|Any CPU
	EndGlobalSection
	GlobalSection(SolutionProperties) = preSolution
		HideSolutionNode = FALSE
	EndGlobalSection
	GlobalSection(ExtensibilityGlobals) = postSolution
		SolutionGuid = {7EA2F3AA-2782-46C4-B12B-896DFA29F931}
	EndGlobalSection
EndGlobal
